// !$*UTF8*$!
{
	archiveVersion = 1;
	classes = {
	};
	objectVersion = 50;
	objects = {

/* Begin PBXBuildFile section */
		D4A432E1240F7CF600C6810E /* Presentationer.swift in Sources */ = {isa = PBXBuildFile; fileRef = D4A432E0240F7CF600C6810E /* Presentationer.swift */; };
		D4A432E3240F88AB00C6810E /* CardType.swift in Sources */ = {isa = PBXBuildFile; fileRef = D4A432E2240F88AB00C6810E /* CardType.swift */; };
		D4A432E5240F88E800C6810E /* CardHeight.swift in Sources */ = {isa = PBXBuildFile; fileRef = D4A432E4240F88E800C6810E /* CardHeight.swift */; };
		D4A432E7240F894C00C6810E /* InteractiveModalCard.swift in Sources */ = {isa = PBXBuildFile; fileRef = D4A432E6240F894C00C6810E /* InteractiveModalCard.swift */; };
		D4A432E9240F8A2F00C6810E /* TransitionCoordinator.swift in Sources */ = {isa = PBXBuildFile; fileRef = D4A432E8240F8A2F00C6810E /* TransitionCoordinator.swift */; };
		D4A432EB240F8A6A00C6810E /* PresenationAnimator.swift in Sources */ = {isa = PBXBuildFile; fileRef = D4A432EA240F8A6A00C6810E /* PresenationAnimator.swift */; };
		D4BABD16240A4875009E5435 /* AppDelegate.swift in Sources */ = {isa = PBXBuildFile; fileRef = D4BABD15240A4875009E5435 /* AppDelegate.swift */; };
		D4BABD18240A4875009E5435 /* SceneDelegate.swift in Sources */ = {isa = PBXBuildFile; fileRef = D4BABD17240A4875009E5435 /* SceneDelegate.swift */; };
		D4BABD1A240A4875009E5435 /* ViewController.swift in Sources */ = {isa = PBXBuildFile; fileRef = D4BABD19240A4875009E5435 /* ViewController.swift */; };
		D4BABD1D240A4875009E5435 /* Main.storyboard in Resources */ = {isa = PBXBuildFile; fileRef = D4BABD1B240A4875009E5435 /* Main.storyboard */; };
		D4BABD1F240A4877009E5435 /* Assets.xcassets in Resources */ = {isa = PBXBuildFile; fileRef = D4BABD1E240A4877009E5435 /* Assets.xcassets */; };
		D4BABD22240A4877009E5435 /* LaunchScreen.storyboard in Resources */ = {isa = PBXBuildFile; fileRef = D4BABD20240A4877009E5435 /* LaunchScreen.storyboard */; };
		D4BABD2A240C5AB0009E5435 /* AnimationTest.swift in Sources */ = {isa = PBXBuildFile; fileRef = D4BABD29240C5AB0009E5435 /* AnimationTest.swift */; };
		D4BABD2C240CD0BC009E5435 /* HalfCard.swift in Sources */ = {isa = PBXBuildFile; fileRef = D4BABD2B240CD0BC009E5435 /* HalfCard.swift */; };
/* End PBXBuildFile section */

/* Begin PBXFileReference section */
		D4A432E0240F7CF600C6810E /* Presentationer.swift */ = {isa = PBXFileReference; lastKnownFileType = sourcecode.swift; path = Presentationer.swift; sourceTree = "<group>"; };
		D4A432E2240F88AB00C6810E /* CardType.swift */ = {isa = PBXFileReference; lastKnownFileType = sourcecode.swift; path = CardType.swift; sourceTree = "<group>"; };
		D4A432E4240F88E800C6810E /* CardHeight.swift */ = {isa = PBXFileReference; lastKnownFileType = sourcecode.swift; path = CardHeight.swift; sourceTree = "<group>"; };
		D4A432E6240F894C00C6810E /* InteractiveModalCard.swift */ = {isa = PBXFileReference; lastKnownFileType = sourcecode.swift; path = InteractiveModalCard.swift; sourceTree = "<group>"; };
		D4A432E8240F8A2F00C6810E /* TransitionCoordinator.swift */ = {isa = PBXFileReference; lastKnownFileType = sourcecode.swift; path = TransitionCoordinator.swift; sourceTree = "<group>"; };
		D4A432EA240F8A6A00C6810E /* PresenationAnimator.swift */ = {isa = PBXFileReference; lastKnownFileType = sourcecode.swift; path = PresenationAnimator.swift; sourceTree = "<group>"; };
		D4BABD12240A4875009E5435 /* HalfCard.app */ = {isa = PBXFileReference; explicitFileType = wrapper.application; includeInIndex = 0; path = HalfCard.app; sourceTree = BUILT_PRODUCTS_DIR; };
		D4BABD15240A4875009E5435 /* AppDelegate.swift */ = {isa = PBXFileReference; lastKnownFileType = sourcecode.swift; path = AppDelegate.swift; sourceTree = "<group>"; };
		D4BABD17240A4875009E5435 /* SceneDelegate.swift */ = {isa = PBXFileReference; lastKnownFileType = sourcecode.swift; path = SceneDelegate.swift; sourceTree = "<group>"; };
		D4BABD19240A4875009E5435 /* ViewController.swift */ = {isa = PBXFileReference; lastKnownFileType = sourcecode.swift; path = ViewController.swift; sourceTree = "<group>"; };
		D4BABD1C240A4875009E5435 /* Base */ = {isa = PBXFileReference; lastKnownFileType = file.storyboard; name = Base; path = Base.lproj/Main.storyboard; sourceTree = "<group>"; };
		D4BABD1E240A4877009E5435 /* Assets.xcassets */ = {isa = PBXFileReference; lastKnownFileType = folder.assetcatalog; path = Assets.xcassets; sourceTree = "<group>"; };
		D4BABD21240A4877009E5435 /* Base */ = {isa = PBXFileReference; lastKnownFileType = file.storyboard; name = Base; path = Base.lproj/LaunchScreen.storyboard; sourceTree = "<group>"; };
		D4BABD23240A4877009E5435 /* Info.plist */ = {isa = PBXFileReference; lastKnownFileType = text.plist.xml; path = Info.plist; sourceTree = "<group>"; };
		D4BABD29240C5AB0009E5435 /* AnimationTest.swift */ = {isa = PBXFileReference; lastKnownFileType = sourcecode.swift; path = AnimationTest.swift; sourceTree = "<group>"; };
		D4BABD2B240CD0BC009E5435 /* HalfCard.swift */ = {isa = PBXFileReference; lastKnownFileType = sourcecode.swift; path = HalfCard.swift; sourceTree = "<group>"; };
/* End PBXFileReference section */

/* Begin PBXFrameworksBuildPhase section */
		D4BABD0F240A4875009E5435 /* Frameworks */ = {
			isa = PBXFrameworksBuildPhase;
			buildActionMask = 2147483647;
			files = (
			);
			runOnlyForDeploymentPostprocessing = 0;
		};
/* End PBXFrameworksBuildPhase section */

/* Begin PBXGroup section */
		D4A432EC240F8B0A00C6810E /* Transition Family */ = {
			isa = PBXGroup;
			children = (
				D4A432E8240F8A2F00C6810E /* TransitionCoordinator.swift */,
				D4A432EA240F8A6A00C6810E /* PresenationAnimator.swift */,
				D4A432E0240F7CF600C6810E /* Presentationer.swift */,
			);
			path = "Transition Family";
			sourceTree = "<group>";
		};
		D4A432ED240F8B3800C6810E /* Entry Point */ = {
			isa = PBXGroup;
			children = (
				D4BABD15240A4875009E5435 /* AppDelegate.swift */,
				D4BABD17240A4875009E5435 /* SceneDelegate.swift */,
				D4BABD19240A4875009E5435 /* ViewController.swift */,
			);
			path = "Entry Point";
			sourceTree = "<group>";
		};
		D4A432EE240F8B5600C6810E /* Resources */ = {
			isa = PBXGroup;
			children = (
				D4BABD1B240A4875009E5435 /* Main.storyboard */,
				D4BABD1E240A4877009E5435 /* Assets.xcassets */,
				D4BABD20240A4877009E5435 /* LaunchScreen.storyboard */,
			);
			path = Resources;
			sourceTree = "<group>";
		};
		D4A432EF240F8B6300C6810E /* Utilities */ = {
			isa = PBXGroup;
			children = (
				D4A432E2240F88AB00C6810E /* CardType.swift */,
				D4A432E6240F894C00C6810E /* InteractiveModalCard.swift */,
				D4A432E4240F88E800C6810E /* CardHeight.swift */,
			);
			path = Utilities;
			sourceTree = "<group>";
		};
		D4BABD09240A4875009E5435 = {
			isa = PBXGroup;
			children = (
				D4BABD14240A4875009E5435 /* HalfCard */,
				D4BABD13240A4875009E5435 /* Products */,
			);
			sourceTree = "<group>";
		};
		D4BABD13240A4875009E5435 /* Products */ = {
			isa = PBXGroup;
			children = (
				D4BABD12240A4875009E5435 /* HalfCard.app */,
			);
			name = Products;
			sourceTree = "<group>";
		};
		D4BABD14240A4875009E5435 /* HalfCard */ = {
			isa = PBXGroup;
			children = (
				D4A432ED240F8B3800C6810E /* Entry Point */,
				D4A432EC240F8B0A00C6810E /* Transition Family */,
				D4BABD2B240CD0BC009E5435 /* HalfCard.swift */,
				D4BABD29240C5AB0009E5435 /* AnimationTest.swift */,
				D4A432EF240F8B6300C6810E /* Utilities */,
				D4A432EE240F8B5600C6810E /* Resources */,
				D4BABD23240A4877009E5435 /* Info.plist */,
			);
			path = HalfCard;
			sourceTree = "<group>";
		};
/* End PBXGroup section */

/* Begin PBXNativeTarget section */
		D4BABD11240A4875009E5435 /* HalfCard */ = {
			isa = PBXNativeTarget;
			buildConfigurationList = D4BABD26240A4877009E5435 /* Build configuration list for PBXNativeTarget "HalfCard" */;
			buildPhases = (
				D4BABD0E240A4875009E5435 /* Sources */,
				D4BABD0F240A4875009E5435 /* Frameworks */,
				D4BABD10240A4875009E5435 /* Resources */,
			);
			buildRules = (
			);
			dependencies = (
			);
			name = HalfCard;
			productName = HalfCard;
			productReference = D4BABD12240A4875009E5435 /* HalfCard.app */;
			productType = "com.apple.product-type.application";
		};
/* End PBXNativeTarget section */

/* Begin PBXProject section */
		D4BABD0A240A4875009E5435 /* Project object */ = {
			isa = PBXProject;
			attributes = {
				LastSwiftUpdateCheck = 1130;
				LastUpgradeCheck = 1130;
				ORGANIZATIONNAME = "Chris Spradling";
				TargetAttributes = {
					D4BABD11240A4875009E5435 = {
						CreatedOnToolsVersion = 11.3.1;
					};
				};
			};
			buildConfigurationList = D4BABD0D240A4875009E5435 /* Build configuration list for PBXProject "HalfCard" */;
			compatibilityVersion = "Xcode 9.3";
			developmentRegion = en;
			hasScannedForEncodings = 0;
			knownRegions = (
				en,
				Base,
			);
			mainGroup = D4BABD09240A4875009E5435;
			productRefGroup = D4BABD13240A4875009E5435 /* Products */;
			projectDirPath = "";
			projectRoot = "";
			targets = (
				D4BABD11240A4875009E5435 /* HalfCard */,
			);
		};
/* End PBXProject section */

/* Begin PBXResourcesBuildPhase section */
		D4BABD10240A4875009E5435 /* Resources */ = {
			isa = PBXResourcesBuildPhase;
			buildActionMask = 2147483647;
			files = (
				D4BABD22240A4877009E5435 /* LaunchScreen.storyboard in Resources */,
				D4BABD1F240A4877009E5435 /* Assets.xcassets in Resources */,
				D4BABD1D240A4875009E5435 /* Main.storyboard in Resources */,
			);
			runOnlyForDeploymentPostprocessing = 0;
		};
/* End PBXResourcesBuildPhase section */

/* Begin PBXSourcesBuildPhase section */
		D4BABD0E240A4875009E5435 /* Sources */ = {
			isa = PBXSourcesBuildPhase;
			buildActionMask = 2147483647;
			files = (
				D4A432E7240F894C00C6810E /* InteractiveModalCard.swift in Sources */,
				D4BABD1A240A4875009E5435 /* ViewController.swift in Sources */,
				D4BABD2C240CD0BC009E5435 /* HalfCard.swift in Sources */,
				D4A432E9240F8A2F00C6810E /* TransitionCoordinator.swift in Sources */,
				D4A432E1240F7CF600C6810E /* Presentationer.swift in Sources */,
				D4A432E3240F88AB00C6810E /* CardType.swift in Sources */,
				D4BABD16240A4875009E5435 /* AppDelegate.swift in Sources */,
				D4BABD2A240C5AB0009E5435 /* AnimationTest.swift in Sources */,
				D4A432E5240F88E800C6810E /* CardHeight.swift in Sources */,
				D4BABD18240A4875009E5435 /* SceneDelegate.swift in Sources */,
				D4A432EB240F8A6A00C6810E /* PresenationAnimator.swift in Sources */,
			);
			runOnlyForDeploymentPostprocessing = 0;
		};
/* End PBXSourcesBuildPhase section */

/* Begin PBXVariantGroup section */
		D4BABD1B240A4875009E5435 /* Main.storyboard */ = {
			isa = PBXVariantGroup;
			children = (
				D4BABD1C240A4875009E5435 /* Base */,
			);
			name = Main.storyboard;
			sourceTree = "<group>";
		};
		D4BABD20240A4877009E5435 /* LaunchScreen.storyboard */ = {
			isa = PBXVariantGroup;
			children = (
				D4BABD21240A4877009E5435 /* Base */,
			);
			name = LaunchScreen.storyboard;
			sourceTree = "<group>";
		};
/* End PBXVariantGroup section */

/* Begin XCBuildConfiguration section */
		D4BABD24240A4877009E5435 /* Debug */ = {
			isa = XCBuildConfiguration;
			buildSettings = {
				ALWAYS_SEARCH_USER_PATHS = NO;
				CLANG_ANALYZER_NONNULL = YES;
				CLANG_ANALYZER_NUMBER_OBJECT_CONVERSION = YES_AGGRESSIVE;
				CLANG_CXX_LANGUAGE_STANDARD = "gnu++14";
				CLANG_CXX_LIBRARY = "libc++";
				CLANG_ENABLE_MODULES = YES;
				CLANG_ENABLE_OBJC_ARC = YES;
				CLANG_ENABLE_OBJC_WEAK = YES;
				CLANG_WARN_BLOCK_CAPTURE_AUTORELEASING = YES;
				CLANG_WARN_BOOL_CONVERSION = YES;
				CLANG_WARN_COMMA = YES;
				CLANG_WARN_CONSTANT_CONVERSION = YES;
				CLANG_WARN_DEPRECATED_OBJC_IMPLEMENTATIONS = YES;
				CLANG_WARN_DIRECT_OBJC_ISA_USAGE = YES_ERROR;
				CLANG_WARN_DOCUMENTATION_COMMENTS = YES;
				CLANG_WARN_EMPTY_BODY = YES;
				CLANG_WARN_ENUM_CONVERSION = YES;
				CLANG_WARN_INFINITE_RECURSION = YES;
				CLANG_WARN_INT_CONVERSION = YES;
				CLANG_WARN_NON_LITERAL_NULL_CONVERSION = YES;
				CLANG_WARN_OBJC_IMPLICIT_RETAIN_SELF = YES;
				CLANG_WARN_OBJC_LITERAL_CONVERSION = YES;
				CLANG_WARN_OBJC_ROOT_CLASS = YES_ERROR;
				CLANG_WARN_RANGE_LOOP_ANALYSIS = YES;
				CLANG_WARN_STRICT_PROTOTYPES = YES;
				CLANG_WARN_SUSPICIOUS_MOVE = YES;
				CLANG_WARN_UNGUARDED_AVAILABILITY = YES_AGGRESSIVE;
				CLANG_WARN_UNREACHABLE_CODE = YES;
				CLANG_WARN__DUPLICATE_METHOD_MATCH = YES;
				COPY_PHASE_STRIP = NO;
				DEBUG_INFORMATION_FORMAT = dwarf;
				ENABLE_STRICT_OBJC_MSGSEND = YES;
				ENABLE_TESTABILITY = YES;
				GCC_C_LANGUAGE_STANDARD = gnu11;
				GCC_DYNAMIC_NO_PIC = NO;
				GCC_NO_COMMON_BLOCKS = YES;
				GCC_OPTIMIZATION_LEVEL = 0;
				GCC_PREPROCESSOR_DEFINITIONS = (
					"DEBUG=1",
					"$(inherited)",
				);
				GCC_WARN_64_TO_32_BIT_CONVERSION = YES;
				GCC_WARN_ABOUT_RETURN_TYPE = YES_ERROR;
				GCC_WARN_UNDECLARED_SELECTOR = YES;
				GCC_WARN_UNINITIALIZED_AUTOS = YES_AGGRESSIVE;
				GCC_WARN_UNUSED_FUNCTION = YES;
				GCC_WARN_UNUSED_VARIABLE = YES;
				IPHONEOS_DEPLOYMENT_TARGET = 13.2;
				MTL_ENABLE_DEBUG_INFO = INCLUDE_SOURCE;
				MTL_FAST_MATH = YES;
				ONLY_ACTIVE_ARCH = YES;
				SDKROOT = iphoneos;
				SWIFT_ACTIVE_COMPILATION_CONDITIONS = DEBUG;
				SWIFT_OPTIMIZATION_LEVEL = "-Onone";
			};
			name = Debug;
		};
		D4BABD25240A4877009E5435 /* Release */ = {
			isa = XCBuildConfiguration;
			buildSettings = {
				ALWAYS_SEARCH_USER_PATHS = NO;
				CLANG_ANALYZER_NONNULL = YES;
				CLANG_ANALYZER_NUMBER_OBJECT_CONVERSION = YES_AGGRESSIVE;
				CLANG_CXX_LANGUAGE_STANDARD = "gnu++14";
				CLANG_CXX_LIBRARY = "libc++";
				CLANG_ENABLE_MODULES = YES;
				CLANG_ENABLE_OBJC_ARC = YES;
				CLANG_ENABLE_OBJC_WEAK = YES;
				CLANG_WARN_BLOCK_CAPTURE_AUTORELEASING = YES;
				CLANG_WARN_BOOL_CONVERSION = YES;
				CLANG_WARN_COMMA = YES;
				CLANG_WARN_CONSTANT_CONVERSION = YES;
				CLANG_WARN_DEPRECATED_OBJC_IMPLEMENTATIONS = YES;
				CLANG_WARN_DIRECT_OBJC_ISA_USAGE = YES_ERROR;
				CLANG_WARN_DOCUMENTATION_COMMENTS = YES;
				CLANG_WARN_EMPTY_BODY = YES;
				CLANG_WARN_ENUM_CONVERSION = YES;
				CLANG_WARN_INFINITE_RECURSION = YES;
				CLANG_WARN_INT_CONVERSION = YES;
				CLANG_WARN_NON_LITERAL_NULL_CONVERSION = YES;
				CLANG_WARN_OBJC_IMPLICIT_RETAIN_SELF = YES;
				CLANG_WARN_OBJC_LITERAL_CONVERSION = YES;
				CLANG_WARN_OBJC_ROOT_CLASS = YES_ERROR;
				CLANG_WARN_RANGE_LOOP_ANALYSIS = YES;
				CLANG_WARN_STRICT_PROTOTYPES = YES;
				CLANG_WARN_SUSPICIOUS_MOVE = YES;
				CLANG_WARN_UNGUARDED_AVAILABILITY = YES_AGGRESSIVE;
				CLANG_WARN_UNREACHABLE_CODE = YES;
				CLANG_WARN__DUPLICATE_METHOD_MATCH = YES;
				COPY_PHASE_STRIP = NO;
				DEBUG_INFORMATION_FORMAT = "dwarf-with-dsym";
				ENABLE_NS_ASSERTIONS = NO;
				ENABLE_STRICT_OBJC_MSGSEND = YES;
				GCC_C_LANGUAGE_STANDARD = gnu11;
				GCC_NO_COMMON_BLOCKS = YES;
				GCC_WARN_64_TO_32_BIT_CONVERSION = YES;
				GCC_WARN_ABOUT_RETURN_TYPE = YES_ERROR;
				GCC_WARN_UNDECLARED_SELECTOR = YES;
				GCC_WARN_UNINITIALIZED_AUTOS = YES_AGGRESSIVE;
				GCC_WARN_UNUSED_FUNCTION = YES;
				GCC_WARN_UNUSED_VARIABLE = YES;
				IPHONEOS_DEPLOYMENT_TARGET = 13.2;
				MTL_ENABLE_DEBUG_INFO = NO;
				MTL_FAST_MATH = YES;
				SDKROOT = iphoneos;
				SWIFT_COMPILATION_MODE = wholemodule;
				SWIFT_OPTIMIZATION_LEVEL = "-O";
				VALIDATE_PRODUCT = YES;
			};
			name = Release;
		};
		D4BABD27240A4877009E5435 /* Debug */ = {
			isa = XCBuildConfiguration;
			buildSettings = {
				ASSETCATALOG_COMPILER_APPICON_NAME = AppIcon;
				CODE_SIGN_STYLE = Automatic;
				DEVELOPMENT_TEAM = 388LVN5ZUR;
				INFOPLIST_FILE = HalfCard/Info.plist;
				LD_RUNPATH_SEARCH_PATHS = (
					"$(inherited)",
					"@executable_path/Frameworks",
				);
				PRODUCT_BUNDLE_IDENTIFIER = com.cspantech.HalfCard;
				PRODUCT_NAME = "$(TARGET_NAME)";
				SWIFT_VERSION = 5.0;
				TARGETED_DEVICE_FAMILY = "1,2";
			};
			name = Debug;
		};
		D4BABD28240A4877009E5435 /* Release */ = {
			isa = XCBuildConfiguration;
			buildSettings = {
				ASSETCATALOG_COMPILER_APPICON_NAME = AppIcon;
				CODE_SIGN_STYLE = Automatic;
				DEVELOPMENT_TEAM = 388LVN5ZUR;
				INFOPLIST_FILE = HalfCard/Info.plist;
				LD_RUNPATH_SEARCH_PATHS = (
					"$(inherited)",
					"@executable_path/Frameworks",
				);
				PRODUCT_BUNDLE_IDENTIFIER = com.cspantech.HalfCard;
				PRODUCT_NAME = "$(TARGET_NAME)";
				SWIFT_VERSION = 5.0;
				TARGETED_DEVICE_FAMILY = "1,2";
			};
			name = Release;
		};
/* End XCBuildConfiguration section */

/* Begin XCConfigurationList section */
		D4BABD0D240A4875009E5435 /* Build configuration list for PBXProject "HalfCard" */ = {
			isa = XCConfigurationList;
			buildConfigurations = (
				D4BABD24240A4877009E5435 /* Debug */,
				D4BABD25240A4877009E5435 /* Release */,
			);
			defaultConfigurationIsVisible = 0;
			defaultConfigurationName = Release;
		};
		D4BABD26240A4877009E5435 /* Build configuration list for PBXNativeTarget "HalfCard" */ = {
			isa = XCConfigurationList;
			buildConfigurations = (
				D4BABD27240A4877009E5435 /* Debug */,
				D4BABD28240A4877009E5435 /* Release */,
			);
			defaultConfigurationIsVisible = 0;
			defaultConfigurationName = Release;
		};
/* End XCConfigurationList section */
	};
	rootObject = D4BABD0A240A4875009E5435 /* Project object */;
}
